// !$*UTF8*$!
{
	archiveVersion = 1;
	classes = {
	};
	objectVersion = 46;
	objects = {

/* Begin PBXBuildFile section */
		295917E41B70D0C000538DC4 /* AppDelegate.swift in Sources */ = {isa = PBXBuildFile; fileRef = 295917E31B70D0C000538DC4 /* AppDelegate.swift */; };
		295917E71B70D0C000538DC4 /* _048.xcdatamodeld in Sources */ = {isa = PBXBuildFile; fileRef = 295917E51B70D0C000538DC4 /* _048.xcdatamodeld */; };
		295917E91B70D0C000538DC4 /* ViewController.swift in Sources */ = {isa = PBXBuildFile; fileRef = 295917E81B70D0C000538DC4 /* ViewController.swift */; };
		295917EC1B70D0C000538DC4 /* Main.storyboard in Resources */ = {isa = PBXBuildFile; fileRef = 295917EA1B70D0C000538DC4 /* Main.storyboard */; };
		295917EE1B70D0C000538DC4 /* Images.xcassets in Resources */ = {isa = PBXBuildFile; fileRef = 295917ED1B70D0C000538DC4 /* Images.xcassets */; };
		295917F11B70D0C000538DC4 /* LaunchScreen.xib in Resources */ = {isa = PBXBuildFile; fileRef = 295917EF1B70D0C000538DC4 /* LaunchScreen.xib */; };
		295917FD1B70D0C000538DC4 /* _048Tests.swift in Sources */ = {isa = PBXBuildFile; fileRef = 295917FC1B70D0C000538DC4 /* _048Tests.swift */; };
/* End PBXBuildFile section */

/* Begin PBXContainerItemProxy section */
		295917F71B70D0C000538DC4 /* PBXContainerItemProxy */ = {
			isa = PBXContainerItemProxy;
			containerPortal = 295917D61B70D0C000538DC4 /* Project object */;
			proxyType = 1;
			remoteGlobalIDString = 295917DD1B70D0C000538DC4;
			remoteInfo = 2048;
		};
/* End PBXContainerItemProxy section */

/* Begin PBXFileReference section */
		295917DE1B70D0C000538DC4 /* 2048.app */ = {isa = PBXFileReference; explicitFileType = wrapper.application; includeInIndex = 0; path = 2048.app; sourceTree = BUILT_PRODUCTS_DIR; };
		295917E21B70D0C000538DC4 /* Info.plist */ = {isa = PBXFileReference; lastKnownFileType = text.plist.xml; path = Info.plist; sourceTree = "<group>"; };
		295917E31B70D0C000538DC4 /* AppDelegate.swift */ = {isa = PBXFileReference; lastKnownFileType = sourcecode.swift; path = AppDelegate.swift; sourceTree = "<group>"; };
		295917E61B70D0C000538DC4 /* _048.xcdatamodel */ = {isa = PBXFileReference; lastKnownFileType = wrapper.xcdatamodel; path = _048.xcdatamodel; sourceTree = "<group>"; };
		295917E81B70D0C000538DC4 /* ViewController.swift */ = {isa = PBXFileReference; lastKnownFileType = sourcecode.swift; path = ViewController.swift; sourceTree = "<group>"; };
		295917EB1B70D0C000538DC4 /* Base */ = {isa = PBXFileReference; lastKnownFileType = file.storyboard; name = Base; path = Base.lproj/Main.storyboard; sourceTree = "<group>"; };
		295917ED1B70D0C000538DC4 /* Images.xcassets */ = {isa = PBXFileReference; lastKnownFileType = folder.assetcatalog; path = Images.xcassets; sourceTree = "<group>"; };
		295917F01B70D0C000538DC4 /* Base */ = {isa = PBXFileReference; lastKnownFileType = file.xib; name = Base; path = Base.lproj/LaunchScreen.xib; sourceTree = "<group>"; };
		295917F61B70D0C000538DC4 /* 2048Tests.xctest */ = {isa = PBXFileReference; explicitFileType = wrapper.cfbundle; includeInIndex = 0; path = 2048Tests.xctest; sourceTree = BUILT_PRODUCTS_DIR; };
		295917FB1B70D0C000538DC4 /* Info.plist */ = {isa = PBXFileReference; lastKnownFileType = text.plist.xml; path = Info.plist; sourceTree = "<group>"; };
		295917FC1B70D0C000538DC4 /* _048Tests.swift */ = {isa = PBXFileReference; lastKnownFileType = sourcecode.swift; path = _048Tests.swift; sourceTree = "<group>"; };
		295918061B70D4E000538DC4 /* 2048.playground */ = {isa = PBXFileReference; lastKnownFileType = file.playground; path = 2048.playground; sourceTree = "<group>"; };
/* End PBXFileReference section */

/* Begin PBXFrameworksBuildPhase section */
		295917DB1B70D0C000538DC4 /* Frameworks */ = {
			isa = PBXFrameworksBuildPhase;
			buildActionMask = 2147483647;
			files = (
			);
			runOnlyForDeploymentPostprocessing = 0;
		};
		295917F31B70D0C000538DC4 /* Frameworks */ = {
			isa = PBXFrameworksBuildPhase;
			buildActionMask = 2147483647;
			files = (
			);
			runOnlyForDeploymentPostprocessing = 0;
		};
/* End PBXFrameworksBuildPhase section */

/* Begin PBXGroup section */
		295917D51B70D0C000538DC4 = {
			isa = PBXGroup;
			children = (
				295917E01B70D0C000538DC4 /* 2048 */,
				295917F91B70D0C000538DC4 /* 2048Tests */,
				295917DF1B70D0C000538DC4 /* Products */,
			);
			sourceTree = "<group>";
		};
		295917DF1B70D0C000538DC4 /* Products */ = {
			isa = PBXGroup;
			children = (
				295917DE1B70D0C000538DC4 /* 2048.app */,
				295917F61B70D0C000538DC4 /* 2048Tests.xctest */,
			);
			name = Products;
			sourceTree = "<group>";
		};
		295917E01B70D0C000538DC4 /* 2048 */ = {
			isa = PBXGroup;
			children = (
				295917E31B70D0C000538DC4 /* AppDelegate.swift */,
				295917E81B70D0C000538DC4 /* ViewController.swift */,
				295917EA1B70D0C000538DC4 /* Main.storyboard */,
				295917ED1B70D0C000538DC4 /* Images.xcassets */,
				295917EF1B70D0C000538DC4 /* LaunchScreen.xib */,
				295917E51B70D0C000538DC4 /* _048.xcdatamodeld */,
				295917E11B70D0C000538DC4 /* Supporting Files */,
				295918061B70D4E000538DC4 /* 2048.playground */,
			);
			path = 2048;
			sourceTree = "<group>";
		};
		295917E11B70D0C000538DC4 /* Supporting Files */ = {
			isa = PBXGroup;
			children = (
				295917E21B70D0C000538DC4 /* Info.plist */,
			);
			name = "Supporting Files";
			sourceTree = "<group>";
		};
		295917F91B70D0C000538DC4 /* 2048Tests */ = {
			isa = PBXGroup;
			children = (
				295917FC1B70D0C000538DC4 /* _048Tests.swift */,
				295917FA1B70D0C000538DC4 /* Supporting Files */,
			);
			path = 2048Tests;
			sourceTree = "<group>";
		};
		295917FA1B70D0C000538DC4 /* Supporting Files */ = {
			isa = PBXGroup;
			children = (
				295917FB1B70D0C000538DC4 /* Info.plist */,
			);
			name = "Supporting Files";
			sourceTree = "<group>";
		};
/* End PBXGroup section */

/* Begin PBXNativeTarget section */
		295917DD1B70D0C000538DC4 /* 2048 */ = {
			isa = PBXNativeTarget;
			buildConfigurationList = 295918001B70D0C000538DC4 /* Build configuration list for PBXNativeTarget "2048" */;
			buildPhases = (
				295917DA1B70D0C000538DC4 /* Sources */,
				295917DB1B70D0C000538DC4 /* Frameworks */,
				295917DC1B70D0C000538DC4 /* Resources */,
			);
			buildRules = (
			);
			dependencies = (
			);
			name = 2048;
			productName = 2048;
			productReference = 295917DE1B70D0C000538DC4 /* 2048.app */;
			productType = "com.apple.product-type.application";
		};
		295917F51B70D0C000538DC4 /* 2048Tests */ = {
			isa = PBXNativeTarget;
			buildConfigurationList = 295918031B70D0C000538DC4 /* Build configuration list for PBXNativeTarget "2048Tests" */;
			buildPhases = (
				295917F21B70D0C000538DC4 /* Sources */,
				295917F31B70D0C000538DC4 /* Frameworks */,
				295917F41B70D0C000538DC4 /* Resources */,
			);
			buildRules = (
			);
			dependencies = (
				295917F81B70D0C000538DC4 /* PBXTargetDependency */,
			);
			name = 2048Tests;
			productName = 2048Tests;
			productReference = 295917F61B70D0C000538DC4 /* 2048Tests.xctest */;
			productType = "com.apple.product-type.bundle.unit-test";
		};
/* End PBXNativeTarget section */

/* Begin PBXProject section */
		295917D61B70D0C000538DC4 /* Project object */ = {
			isa = PBXProject;
			attributes = {
				LastUpgradeCheck = 0640;
				ORGANIZATIONNAME = wzcjj;
				TargetAttributes = {
					295917DD1B70D0C000538DC4 = {
						CreatedOnToolsVersion = 6.4;
					};
					295917F51B70D0C000538DC4 = {
						CreatedOnToolsVersion = 6.4;
						TestTargetID = 295917DD1B70D0C000538DC4;
					};
				};
			};
			buildConfigurationList = 295917D91B70D0C000538DC4 /* Build configuration list for PBXProject "2048" */;
			compatibilityVersion = "Xcode 3.2";
			developmentRegion = English;
			hasScannedForEncodings = 0;
			knownRegions = (
				en,
				Base,
			);
			mainGroup = 295917D51B70D0C000538DC4;
			productRefGroup = 295917DF1B70D0C000538DC4 /* Products */;
			projectDirPath = "";
			projectRoot = "";
			targets = (
				295917DD1B70D0C000538DC4 /* 2048 */,
				295917F51B70D0C000538DC4 /* 2048Tests */,
			);
		};
/* End PBXProject section */

/* Begin PBXResourcesBuildPhase section */
		295917DC1B70D0C000538DC4 /* Resources */ = {
			isa = PBXResourcesBuildPhase;
			buildActionMask = 2147483647;
			files = (
				295917EC1B70D0C000538DC4 /* Main.storyboard in Resources */,
				295917F11B70D0C000538DC4 /* LaunchScreen.xib in Resources */,
				295917EE1B70D0C000538DC4 /* Images.xcassets in Resources */,
			);
			runOnlyForDeploymentPostprocessing = 0;
		};
		295917F41B70D0C000538DC4 /* Resources */ = {
			isa = PBXResourcesBuildPhase;
			buildActionMask = 2147483647;
			files = (
			);
			runOnlyForDeploymentPostprocessing = 0;
		};
/* End PBXResourcesBuildPhase section */

/* Begin PBXSourcesBuildPhase section */
		295917DA1B70D0C000538DC4 /* Sources */ = {
			isa = PBXSourcesBuildPhase;
			buildActionMask = 2147483647;
			files = (
				295917E91B70D0C000538DC4 /* ViewController.swift in Sources */,
				295917E71B70D0C000538DC4 /* _048.xcdatamodeld in Sources */,
				295917E41B70D0C000538DC4 /* AppDelegate.swift in Sources */,
			);
			runOnlyForDeploymentPostprocessing = 0;
		};
		295917F21B70D0C000538DC4 /* Sources */ = {
			isa = PBXSourcesBuildPhase;
			buildActionMask = 2147483647;
			files = (
				295917FD1B70D0C000538DC4 /* _048Tests.swift in Sources */,
			);
			runOnlyForDeploymentPostprocessing = 0;
		};
/* End PBXSourcesBuildPhase section */

/* Begin PBXTargetDependency section */
		295917F81B70D0C000538DC4 /* PBXTargetDependency */ = {
			isa = PBXTargetDependency;
			target = 295917DD1B70D0C000538DC4 /* 2048 */;
			targetProxy = 295917F71B70D0C000538DC4 /* PBXContainerItemProxy */;
		};
/* End PBXTargetDependency section */

/* Begin PBXVariantGroup section */
		295917EA1B70D0C000538DC4 /* Main.storyboard */ = {
			isa = PBXVariantGroup;
			children = (
				295917EB1B70D0C000538DC4 /* Base */,
			);
			name = Main.storyboard;
			sourceTree = "<group>";
		};
		295917EF1B70D0C000538DC4 /* LaunchScreen.xib */ = {
			isa = PBXVariantGroup;
			children = (
				295917F01B70D0C000538DC4 /* Base */,
			);
			name = LaunchScreen.xib;
			sourceTree = "<group>";
		};
/* End PBXVariantGroup section */

/* Begin XCBuildConfiguration section */
		295917FE1B70D0C000538DC4 /* Debug */ = {
			isa = XCBuildConfiguration;
			buildSettings = {
				ALWAYS_SEARCH_USER_PATHS = NO;
				CLANG_CXX_LANGUAGE_STANDARD = "gnu++0x";
				CLANG_CXX_LIBRARY = "libc++";
				CLANG_ENABLE_MODULES = YES;
				CLANG_ENABLE_OBJC_ARC = YES;
				CLANG_WARN_BOOL_CONVERSION = YES;
				CLANG_WARN_CONSTANT_CONVERSION = YES;
				CLANG_WARN_DIRECT_OBJC_ISA_USAGE = YES_ERROR;
				CLANG_WARN_EMPTY_BODY = YES;
				CLANG_WARN_ENUM_CONVERSION = YES;
				CLANG_WARN_INT_CONVERSION = YES;
				CLANG_WARN_OBJC_ROOT_CLASS = YES_ERROR;
				CLANG_WARN_UNREACHABLE_CODE = YES;
				CLANG_WARN__DUPLICATE_METHOD_MATCH = YES;
				"CODE_SIGN_IDENTITY[sdk=iphoneos*]" = "iPhone Developer";
				COPY_PHASE_STRIP = NO;
				DEBUG_INFORMATION_FORMAT = "dwarf-with-dsym";
				ENABLE_STRICT_OBJC_MSGSEND = YES;
				GCC_C_LANGUAGE_STANDARD = gnu99;
				GCC_DYNAMIC_NO_PIC = NO;
				GCC_NO_COMMON_BLOCKS = YES;
				GCC_OPTIMIZATION_LEVEL = 0;
				GCC_PREPROCESSOR_DEFINITIONS = (
					"DEBUG=1",
					"$(inherited)",
				);
				GCC_SYMBOLS_PRIVATE_EXTERN = NO;
				GCC_WARN_64_TO_32_BIT_CONVERSION = YES;
				GCC_WARN_ABOUT_RETURN_TYPE = YES_ERROR;
				GCC_WARN_UNDECLARED_SELECTOR = YES;
				GCC_WARN_UNINITIALIZED_AUTOS = YES_AGGRESSIVE;
				GCC_WARN_UNUSED_FUNCTION = YES;
				GCC_WARN_UNUSED_VARIABLE = YES;
				IPHONEOS_DEPLOYMENT_TARGET = 8.4;
				MTL_ENABLE_DEBUG_INFO = YES;
				ONLY_ACTIVE_ARCH = YES;
				SDKROOT = iphoneos;
				SWIFT_OPTIMIZATION_LEVEL = "-Onone";
			};
			name = Debug;
		};
		295917FF1B70D0C000538DC4 /* Release */ = {
			isa = XCBuildConfiguration;
			buildSettings = {
				ALWAYS_SEARCH_USER_PATHS = NO;
				CLANG_CXX_LANGUAGE_STANDARD = "gnu++0x";
				CLANG_CXX_LIBRARY = "libc++";
				CLANG_ENABLE_MODULES = YES;
				CLANG_ENABLE_OBJC_ARC = YES;
				CLANG_WARN_BOOL_CONVERSION = YES;
				CLANG_WARN_CONSTANT_CONVERSION = YES;
				CLANG_WARN_DIRECT_OBJC_ISA_USAGE = YES_ERROR;
				CLANG_WARN_EMPTY_BODY = YES;
				CLANG_WARN_ENUM_CONVERSION = YES;
				CLANG_WARN_INT_CONVERSION = YES;
				CLANG_WARN_OBJC_ROOT_CLASS = YES_ERROR;
				CLANG_WARN_UNREACHABLE_CODE = YES;
				CLANG_WARN__DUPLICATE_METHOD_MATCH = YES;
				"CODE_SIGN_IDENTITY[sdk=iphoneos*]" = "iPhone Developer";
				COPY_PHASE_STRIP = NO;
				DEBUG_INFORMATION_FORMAT = "dwarf-with-dsym";
				ENABLE_NS_ASSERTIONS = NO;
				ENABLE_STRICT_OBJC_MSGSEND = YES;
				GCC_C_LANGUAGE_STANDARD = gnu99;
				GCC_NO_COMMON_BLOCKS = YES;
				GCC_WARN_64_TO_32_BIT_CONVERSION = YES;
				GCC_WARN_ABOUT_RETURN_TYPE = YES_ERROR;
				GCC_WARN_UNDECLARED_SELECTOR = YES;
				GCC_WARN_UNINITIALIZED_AUTOS = YES_AGGRESSIVE;
				GCC_WARN_UNUSED_FUNCTION = YES;
				GCC_WARN_UNUSED_VARIABLE = YES;
				IPHONEOS_DEPLOYMENT_TARGET = 8.4;
				MTL_ENABLE_DEBUG_INFO = NO;
				SDKROOT = iphoneos;
				VALIDATE_PRODUCT = YES;
			};
			name = Release;
		};
		295918011B70D0C000538DC4 /* Debug */ = {
			isa = XCBuildConfiguration;
			buildSettings = {
				ASSETCATALOG_COMPILER_APPICON_NAME = AppIcon;
				INFOPLIST_FILE = 2048/Info.plist;
				LD_RUNPATH_SEARCH_PATHS = "$(inherited) @executable_path/Frameworks";
				PRODUCT_NAME = "$(TARGET_NAME)";
			};
			name = Debug;
		};
		295918021B70D0C000538DC4 /* Release */ = {
			isa = XCBuildConfiguration;
			buildSettings = {
				ASSETCATALOG_COMPILER_APPICON_NAME = AppIcon;
				INFOPLIST_FILE = 2048/Info.plist;
				LD_RUNPATH_SEARCH_PATHS = "$(inherited) @executable_path/Frameworks";
				PRODUCT_NAME = "$(TARGET_NAME)";
			};
			name = Release;
		};
		295918041B70D0C000538DC4 /* Debug */ = {
			isa = XCBuildConfiguration;
			buildSettings = {
				BUNDLE_LOADER = "$(TEST_HOST)";
				FRAMEWORK_SEARCH_PATHS = (
					"$(SDKROOT)/Developer/Library/Frameworks",
					"$(inherited)",
				);
				GCC_PREPROCESSOR_DEFINITIONS = (
					"DEBUG=1",
					"$(inherited)",
				);
				INFOPLIST_FILE = 2048Tests/Info.plist;
				LD_RUNPATH_SEARCH_PATHS = "$(inherited) @executable_path/Frameworks @loader_path/Frameworks";
				PRODUCT_NAME = "$(TARGET_NAME)";
				TEST_HOST = "$(BUILT_PRODUCTS_DIR)/2048.app/2048";
			};
			name = Debug;
		};
		295918051B70D0C000538DC4 /* Release */ = {
			isa = XCBuildConfiguration;
			buildSettings = {
				BUNDLE_LOADER = "$(TEST_HOST)";
				FRAMEWORK_SEARCH_PATHS = (
					"$(SDKROOT)/Developer/Library/Frameworks",
					"$(inherited)",
				);
				INFOPLIST_FILE = 2048Tests/Info.plist;
				LD_RUNPATH_SEARCH_PATHS = "$(inherited) @executable_path/Frameworks @loader_path/Frameworks";
				PRODUCT_NAME = "$(TARGET_NAME)";
				TEST_HOST = "$(BUILT_PRODUCTS_DIR)/2048.app/2048";
			};
			name = Release;
		};
/* End XCBuildConfiguration section */

/* Begin XCConfigurationList section */
		295917D91B70D0C000538DC4 /* Build configuration list for PBXProject "2048" */ = {
			isa = XCConfigurationList;
			buildConfigurations = (
				295917FE1B70D0C000538DC4 /* Debug */,
				295917FF1B70D0C000538DC4 /* Release */,
			);
			defaultConfigurationIsVisible = 0;
			defaultConfigurationName = Release;
		};
		295918001B70D0C000538DC4 /* Build configuration list for PBXNativeTarget "2048" */ = {
			isa = XCConfigurationList;
			buildConfigurations = (
				295918011B70D0C000538DC4 /* Debug */,
				295918021B70D0C000538DC4 /* Release */,
			);
			defaultConfigurationIsVisible = 0;
		};
		295918031B70D0C000538DC4 /* Build configuration list for PBXNativeTarget "2048Tests" */ = {
			isa = XCConfigurationList;
			buildConfigurations = (
				295918041B70D0C000538DC4 /* Debug */,
				295918051B70D0C000538DC4 /* Release */,
			);
			defaultConfigurationIsVisible = 0;
		};
/* End XCConfigurationList section */

/* Begin XCVersionGroup section */
		295917E51B70D0C000538DC4 /* _048.xcdatamodeld */ = {
			isa = XCVersionGroup;
			children = (
				295917E61B70D0C000538DC4 /* _048.xcdatamodel */,
			);
			currentVersion = 295917E61B70D0C000538DC4 /* _048.xcdatamodel */;
			path = _048.xcdatamodeld;
			sourceTree = "<group>";
			versionGroupType = wrapper.xcdatamodel;
		};
/* End XCVersionGroup section */
	};
	rootObject = 295917D61B70D0C000538DC4 /* Project object */;
}
