// !$*UTF8*$!
{
	archiveVersion = 1;
	classes = {
	};
	objectVersion = 46;
	objects = {

/* Begin PBXBuildFile section */
		29577A121E6D93A9007955E6 /* main.cpp in Sources */ = {isa = PBXBuildFile; fileRef = 29577A111E6D93A9007955E6 /* main.cpp */; };
		29577A1A1E6D93CF007955E6 /* OpenGL.framework in Frameworks */ = {isa = PBXBuildFile; fileRef = 29577A191E6D93CF007955E6 /* OpenGL.framework */; };
		29577A1C1E6D9495007955E6 /* libGLEW.2.0.0.dylib in Frameworks */ = {isa = PBXBuildFile; fileRef = 29577A1B1E6D9495007955E6 /* libGLEW.2.0.0.dylib */; };
/* End PBXBuildFile section */

/* Begin PBXCopyFilesBuildPhase section */
		29577A0C1E6D93A9007955E6 /* CopyFiles */ = {
			isa = PBXCopyFilesBuildPhase;
			buildActionMask = 2147483647;
			dstPath = /usr/share/man/man1/;
			dstSubfolderSpec = 0;
			files = (
			);
			runOnlyForDeploymentPostprocessing = 1;
		};
/* End PBXCopyFilesBuildPhase section */

/* Begin PBXFileReference section */
		29577A0E1E6D93A9007955E6 /* OpenGLtest */ = {isa = PBXFileReference; explicitFileType = "compiled.mach-o.executable"; includeInIndex = 0; path = OpenGLtest; sourceTree = BUILT_PRODUCTS_DIR; };
		29577A111E6D93A9007955E6 /* main.cpp */ = {isa = PBXFileReference; lastKnownFileType = sourcecode.cpp.cpp; path = main.cpp; sourceTree = "<group>"; };
		29577A191E6D93CF007955E6 /* OpenGL.framework */ = {isa = PBXFileReference; lastKnownFileType = wrapper.framework; name = OpenGL.framework; path = System/Library/Frameworks/OpenGL.framework; sourceTree = SDKROOT; };
		29577A1B1E6D9495007955E6 /* libGLEW.2.0.0.dylib */ = {isa = PBXFileReference; lastKnownFileType = "compiled.mach-o.dylib"; name = libGLEW.2.0.0.dylib; path = ../../../../../../../usr/local/lib/libGLEW.2.0.0.dylib; sourceTree = "<group>"; };
/* End PBXFileReference section */

/* Begin PBXFrameworksBuildPhase section */
		29577A0B1E6D93A9007955E6 /* Frameworks */ = {
			isa = PBXFrameworksBuildPhase;
			buildActionMask = 2147483647;
			files = (
				29577A1C1E6D9495007955E6 /* libGLEW.2.0.0.dylib in Frameworks */,
				29577A1A1E6D93CF007955E6 /* OpenGL.framework in Frameworks */,
			);
			runOnlyForDeploymentPostprocessing = 0;
		};
/* End PBXFrameworksBuildPhase section */

/* Begin PBXGroup section */
		29577A051E6D93A9007955E6 = {
			isa = PBXGroup;
			children = (
				29577A101E6D93A9007955E6 /* OpenGLtest */,
				29577A0F1E6D93A9007955E6 /* Products */,
				29577A181E6D93CF007955E6 /* Frameworks */,
			);
			sourceTree = "<group>";
		};
		29577A0F1E6D93A9007955E6 /* Products */ = {
			isa = PBXGroup;
			children = (
				29577A0E1E6D93A9007955E6 /* OpenGLtest */,
			);
			name = Products;
			sourceTree = "<group>";
		};
		29577A101E6D93A9007955E6 /* OpenGLtest */ = {
			isa = PBXGroup;
			children = (
				29577A111E6D93A9007955E6 /* main.cpp */,
			);
			path = OpenGLtest;
			sourceTree = "<group>";
		};
		29577A181E6D93CF007955E6 /* Frameworks */ = {
			isa = PBXGroup;
			children = (
				29577A1B1E6D9495007955E6 /* libGLEW.2.0.0.dylib */,
				29577A191E6D93CF007955E6 /* OpenGL.framework */,
			);
			name = Frameworks;
			sourceTree = "<group>";
		};
/* End PBXGroup section */

/* Begin PBXNativeTarget section */
		29577A0D1E6D93A9007955E6 /* OpenGLtest */ = {
			isa = PBXNativeTarget;
			buildConfigurationList = 29577A151E6D93A9007955E6 /* Build configuration list for PBXNativeTarget "OpenGLtest" */;
			buildPhases = (
				29577A0A1E6D93A9007955E6 /* Sources */,
				29577A0B1E6D93A9007955E6 /* Frameworks */,
				29577A0C1E6D93A9007955E6 /* CopyFiles */,
			);
			buildRules = (
			);
			dependencies = (
			);
			name = OpenGLtest;
			productName = OpenGLtest;
			productReference = 29577A0E1E6D93A9007955E6 /* OpenGLtest */;
			productType = "com.apple.product-type.tool";
		};
/* End PBXNativeTarget section */

/* Begin PBXProject section */
		29577A061E6D93A9007955E6 /* Project object */ = {
			isa = PBXProject;
			attributes = {
				LastUpgradeCheck = 0810;
				ORGANIZATIONNAME = wzcjj;
				TargetAttributes = {
					29577A0D1E6D93A9007955E6 = {
						CreatedOnToolsVersion = 8.1;
						ProvisioningStyle = Automatic;
					};
				};
			};
			buildConfigurationList = 29577A091E6D93A9007955E6 /* Build configuration list for PBXProject "OpenGLtest" */;
			compatibilityVersion = "Xcode 3.2";
			developmentRegion = English;
			hasScannedForEncodings = 0;
			knownRegions = (
				en,
			);
			mainGroup = 29577A051E6D93A9007955E6;
			productRefGroup = 29577A0F1E6D93A9007955E6 /* Products */;
			projectDirPath = "";
			projectRoot = "";
			targets = (
				29577A0D1E6D93A9007955E6 /* OpenGLtest */,
			);
		};
/* End PBXProject section */

/* Begin PBXSourcesBuildPhase section */
		29577A0A1E6D93A9007955E6 /* Sources */ = {
			isa = PBXSourcesBuildPhase;
			buildActionMask = 2147483647;
			files = (
				29577A121E6D93A9007955E6 /* main.cpp in Sources */,
			);
			runOnlyForDeploymentPostprocessing = 0;
		};
/* End PBXSourcesBuildPhase section */

/* Begin XCBuildConfiguration section */
		29577A131E6D93A9007955E6 /* Debug */ = {
			isa = XCBuildConfiguration;
			buildSettings = {
				ALWAYS_SEARCH_USER_PATHS = YES;
				CLANG_ANALYZER_NONNULL = YES;
				CLANG_CXX_LANGUAGE_STANDARD = "gnu++0x";
				CLANG_CXX_LIBRARY = "libc++";
				CLANG_ENABLE_MODULES = YES;
				CLANG_ENABLE_OBJC_ARC = YES;
				CLANG_WARN_BOOL_CONVERSION = YES;
				CLANG_WARN_CONSTANT_CONVERSION = YES;
				CLANG_WARN_DIRECT_OBJC_ISA_USAGE = YES_ERROR;
				CLANG_WARN_DOCUMENTATION_COMMENTS = YES;
				CLANG_WARN_EMPTY_BODY = YES;
				CLANG_WARN_ENUM_CONVERSION = YES;
				CLANG_WARN_INFINITE_RECURSION = YES;
				CLANG_WARN_INT_CONVERSION = YES;
				CLANG_WARN_OBJC_ROOT_CLASS = YES_ERROR;
				CLANG_WARN_SUSPICIOUS_MOVES = YES;
				CLANG_WARN_UNREACHABLE_CODE = YES;
				CLANG_WARN__DUPLICATE_METHOD_MATCH = YES;
				CODE_SIGN_IDENTITY = "-";
				COPY_PHASE_STRIP = NO;
				DEBUG_INFORMATION_FORMAT = dwarf;
				ENABLE_STRICT_OBJC_MSGSEND = YES;
				ENABLE_TESTABILITY = YES;
				GCC_C_LANGUAGE_STANDARD = gnu99;
				GCC_DYNAMIC_NO_PIC = NO;
				GCC_NO_COMMON_BLOCKS = YES;
				GCC_OPTIMIZATION_LEVEL = 0;
				GCC_PREPROCESSOR_DEFINITIONS = (
					"DEBUG=1",
					"$(inherited)",
				);
				GCC_WARN_64_TO_32_BIT_CONVERSION = YES;
				GCC_WARN_ABOUT_RETURN_TYPE = YES_ERROR;
				GCC_WARN_UNDECLARED_SELECTOR = YES;
				GCC_WARN_UNINITIALIZED_AUTOS = YES_AGGRESSIVE;
				GCC_WARN_UNUSED_FUNCTION = YES;
				GCC_WARN_UNUSED_VARIABLE = YES;
				"LIBRARY_SEARCH_PATHS[arch=*]" = /usr/local/lib;
				MACOSX_DEPLOYMENT_TARGET = 10.12;
				MTL_ENABLE_DEBUG_INFO = YES;
				ONLY_ACTIVE_ARCH = YES;
				SDKROOT = macosx;
				"USER_HEADER_SEARCH_PATHS[arch=*]" = /usr/local/include;
			};
			name = Debug;
		};
		29577A141E6D93A9007955E6 /* Release */ = {
			isa = XCBuildConfiguration;
			buildSettings = {
				ALWAYS_SEARCH_USER_PATHS = YES;
				CLANG_ANALYZER_NONNULL = YES;
				CLANG_CXX_LANGUAGE_STANDARD = "gnu++0x";
				CLANG_CXX_LIBRARY = "libc++";
				CLANG_ENABLE_MODULES = YES;
				CLANG_ENABLE_OBJC_ARC = YES;
				CLANG_WARN_BOOL_CONVERSION = YES;
				CLANG_WARN_CONSTANT_CONVERSION = YES;
				CLANG_WARN_DIRECT_OBJC_ISA_USAGE = YES_ERROR;
				CLANG_WARN_DOCUMENTATION_COMMENTS = YES;
				CLANG_WARN_EMPTY_BODY = YES;
				CLANG_WARN_ENUM_CONVERSION = YES;
				CLANG_WARN_INFINITE_RECURSION = YES;
				CLANG_WARN_INT_CONVERSION = YES;
				CLANG_WARN_OBJC_ROOT_CLASS = YES_ERROR;
				CLANG_WARN_SUSPICIOUS_MOVES = YES;
				CLANG_WARN_UNREACHABLE_CODE = YES;
				CLANG_WARN__DUPLICATE_METHOD_MATCH = YES;
				CODE_SIGN_IDENTITY = "-";
				COPY_PHASE_STRIP = NO;
				DEBUG_INFORMATION_FORMAT = "dwarf-with-dsym";
				ENABLE_NS_ASSERTIONS = NO;
				ENABLE_STRICT_OBJC_MSGSEND = YES;
				GCC_C_LANGUAGE_STANDARD = gnu99;
				GCC_NO_COMMON_BLOCKS = YES;
				GCC_WARN_64_TO_32_BIT_CONVERSION = YES;
				GCC_WARN_ABOUT_RETURN_TYPE = YES_ERROR;
				GCC_WARN_UNDECLARED_SELECTOR = YES;
				GCC_WARN_UNINITIALIZED_AUTOS = YES_AGGRESSIVE;
				GCC_WARN_UNUSED_FUNCTION = YES;
				GCC_WARN_UNUSED_VARIABLE = YES;
				MACOSX_DEPLOYMENT_TARGET = 10.12;
				MTL_ENABLE_DEBUG_INFO = NO;
				SDKROOT = macosx;
			};
			name = Release;
		};
		29577A161E6D93A9007955E6 /* Debug */ = {
			isa = XCBuildConfiguration;
			buildSettings = {
				PRODUCT_NAME = "$(TARGET_NAME)";
			};
			name = Debug;
		};
		29577A171E6D93A9007955E6 /* Release */ = {
			isa = XCBuildConfiguration;
			buildSettings = {
				PRODUCT_NAME = "$(TARGET_NAME)";
			};
			name = Release;
		};
/* End XCBuildConfiguration section */

/* Begin XCConfigurationList section */
		29577A091E6D93A9007955E6 /* Build configuration list for PBXProject "OpenGLtest" */ = {
			isa = XCConfigurationList;
			buildConfigurations = (
				29577A131E6D93A9007955E6 /* Debug */,
				29577A141E6D93A9007955E6 /* Release */,
			);
			defaultConfigurationIsVisible = 0;
			defaultConfigurationName = Release;
		};
		29577A151E6D93A9007955E6 /* Build configuration list for PBXNativeTarget "OpenGLtest" */ = {
			isa = XCConfigurationList;
			buildConfigurations = (
				29577A161E6D93A9007955E6 /* Debug */,
				29577A171E6D93A9007955E6 /* Release */,
			);
			defaultConfigurationIsVisible = 0;
			defaultConfigurationName = Release;
		};
/* End XCConfigurationList section */
	};
	rootObject = 29577A061E6D93A9007955E6 /* Project object */;
}
